
Microsoft Visual Studio Solution File, Format Version 12.00
# Visual Studio Version 17
VisualStudioVersion = 17.2.32630.192
MinimumVisualStudioVersion = 10.0.40219.1
Project("{FAE04EC0-301F-11D3-BF4B-00C04F79EFBC}") = "WebApi", "WebApi\WebApi.csproj", "{5B64CB61-AE9D-4651-9A64-F39BF2244AF5}"
EndProject
Global
	GlobalSection(SolutionConfigurationPlatforms) = preSolution
		Debug|Any CPU = Debug|Any CPU
		Release|Any CPU = Release|Any CPU
	EndGlobalSection
	GlobalSection(ProjectConfigurationPlatforms) = postSolution
		{5B64CB61-AE9D-4651-9A64-F39BF2244AF5}.Debug|Any CPU.ActiveCfg = Debug|Any CPU
		{5B64CB61-AE9D-4651-9A64-F39BF2244AF5}.Debug|Any CPU.Build.0 = Debug|Any CPU
		{5B64CB61-AE9D-4651-9A64-F39BF2244AF5}.Release|Any CPU.ActiveCfg = Release|Any CPU
		{5B64CB61-AE9D-4651-9A64-F39BF2244AF5}.Release|Any CPU.Build.0 = Release|Any CPU
	EndGlobalSection
	GlobalSection(SolutionProperties) = preSolution
		HideSolutionNode = FALSE
	EndGlobalSection
	GlobalSection(ExtensibilityGlobals) = postSolution
		SolutionGuid = {E475B9EF-DDBC-446D-B07F-17C9816D68ED}
	EndGlobalSection
EndGlobal
